
Microsoft Visual Studio Solution File, Format Version 12.00
# Visual Studio Version 17
VisualStudioVersion = 17.9.34723.18
MinimumVisualStudioVersion = 10.0.40219.1
Project("{FAE04EC0-301F-11D3-BF4B-00C04F79EFBC}") = "Supermarket", "Supermarket\Supermarket.csproj", "{B34F0D12-D0D0-4D41-A247-B6E3844BB2E5}"
EndProject
Global
	GlobalSection(SolutionConfigurationPlatforms) = preSolution
		Debug|Any CPU = Debug|Any CPU
		Release|Any CPU = Release|Any CPU
	EndGlobalSection
	GlobalSection(ProjectConfigurationPlatforms) = postSolution
		{B34F0D12-D0D0-4D41-A247-B6E3844BB2E5}.Debug|Any CPU.ActiveCfg = Debug|Any CPU
		{B34F0D12-D0D0-4D41-A247-B6E3844BB2E5}.Debug|Any CPU.Build.0 = Debug|Any CPU
		{B34F0D12-D0D0-4D41-A247-B6E3844BB2E5}.Release|Any CPU.ActiveCfg = Release|Any CPU
		{B34F0D12-D0D0-4D41-A247-B6E3844BB2E5}.Release|Any CPU.Build.0 = Release|Any CPU
	EndGlobalSection
	GlobalSection(SolutionProperties) = preSolution
		HideSolutionNode = FALSE
	EndGlobalSection
	GlobalSection(ExtensibilityGlobals) = postSolution
		SolutionGuid = {C732ABED-D968-4857-8507-C7BB9A9AE2CA}
	EndGlobalSection
EndGlobal
